
Microsoft Visual Studio Solution File, Format Version 12.00
# Visual Studio 15
VisualStudioVersion = 15.0.27130.2027
MinimumVisualStudioVersion = 10.0.40219.1
Project("{888888A0-9F3D-457C-B088-3A5042F75D52}") = "lab6", "lab6\lab6.pyproj", "{42CC6367-7147-4303-88BA-AB8BE7E6D81A}"
EndProject
Global
	GlobalSection(SolutionConfigurationPlatforms) = preSolution
		Debug|Any CPU = Debug|Any CPU
		Release|Any CPU = Release|Any CPU
	EndGlobalSection
	GlobalSection(ProjectConfigurationPlatforms) = postSolution
		{42CC6367-7147-4303-88BA-AB8BE7E6D81A}.Debug|Any CPU.ActiveCfg = Debug|Any CPU
		{42CC6367-7147-4303-88BA-AB8BE7E6D81A}.Release|Any CPU.ActiveCfg = Release|Any CPU
	EndGlobalSection
	GlobalSection(SolutionProperties) = preSolution
		HideSolutionNode = FALSE
	EndGlobalSection
	GlobalSection(ExtensibilityGlobals) = postSolution
		SolutionGuid = {B7E5B2FD-70CA-496E-8044-2D33ADA746AF}
	EndGlobalSection
EndGlobal
